<?xml version="1.0" encoding="utf-8"?>
<Project ToolsVersion="4.0" xmlns="http://schemas.microsoft.com/developer/msbuild/2003">
  <ItemGroup>
    <Filter Include="Source Files">
      <UniqueIdentifier>{4FC737F1-C7A5-4376-A066-2A32D752A2FF}</UniqueIdentifier>
      <Extensions>cpp;cxx;c;def</Extensions>
    </Filter>
    <Filter Include="Header Files">
      <UniqueIdentifier>{93995380-89BD-4b04-88EB-625FBE52EBFB}</UniqueIdentifier>
      <Extensions>h</Extensions>
    </Filter>
    <Filter Include="Form Files">
      <UniqueIdentifier>{99349809-55BA-4b9d-BF79-8FDBB0286EB3}</UniqueIdentifier>
      <Extensions>ui</Extensions>
    </Filter>
    <Filter Include="Resource Files">
      <UniqueIdentifier>{D9D6E242-F8AF-46E4-B9FD-80ECBC20BA3E}</UniqueIdentifier>
      <Extensions>qrc;*</Extensions>
      <ParseFiles>false</ParseFiles>
    </Filter>
    <Filter Include="Generated Files">
      <UniqueIdentifier>{71ED8ED8-ACB9-4CE9-BBE1-E00B30144E11}</UniqueIdentifier>
      <Extensions>moc;h;cpp</Extensions>
      <SourceControlFiles>False</SourceControlFiles>
    </Filter>
    <Filter Include="Generated Files\Debug">
      <UniqueIdentifier>{3230c21b-3cc9-4127-8790-7307d6a37a1f}</UniqueIdentifier>
      <Extensions>cpp;moc</Extensions>
      <SourceControlFiles>False</SourceControlFiles>
    </Filter>
    <Filter Include="Generated Files\Release">
      <UniqueIdentifier>{f69b6430-3647-417e-b610-ee2e2aef9f65}</UniqueIdentifier>
      <Extensions>cpp;moc</Extensions>
      <SourceControlFiles>False</SourceControlFiles>
    </Filter>
  </ItemGroup>
  <ItemGroup>
    <ClCompile Include="main.cpp">
      <Filter>Source Files</Filter>
    </ClCompile>
    <ClCompile Include="qt_femas.cpp">
      <Filter>Source Files</Filter>
    </ClCompile>
    <ClCompile Include="GeneratedFiles\Debug\moc_qt_femas.cpp">
      <Filter>Generated Files\Debug</Filter>
    </ClCompile>
    <ClCompile Include="GeneratedFiles\Release\moc_qt_femas.cpp">
      <Filter>Generated Files\Release</Filter>
    </ClCompile>
    <ClCompile Include="GeneratedFiles\qrc_qt_femas.cpp">
      <Filter>Generated Files</Filter>
    </ClCompile>
    <ClCompile Include="PublicFuncs.cpp">
      <Filter>Source Files</Filter>
    </ClCompile>
    <ClCompile Include="Strategy\Strategy.cpp">
      <Filter>Source Files</Filter>
    </ClCompile>
    <ClCompile Include="SystemCore\Global.cpp">
      <Filter>Source Files</Filter>
    </ClCompile>
    <ClCompile Include="SystemCore\LocalMemory.cpp">
      <Filter>Source Files</Filter>
    </ClCompile>
    <ClCompile Include="SystemCore\OrderManageSys.cpp">
      <Filter>Source Files</Filter>
    </ClCompile>
    <ClCompile Include="MarketData\FemasMarketData.cpp">
      <Filter>Source Files</Filter>
    </ClCompile>
    <ClCompile Include="MySpi\femasMdSpi.cpp">
      <Filter>Source Files</Filter>
    </ClCompile>
    <ClCompile Include="MySpi\femasTraderSpi.cpp">
      <Filter>Source Files</Filter>
    </ClCompile>
    <ClCompile Include="Strategy\StrategyTask.cpp">
      <Filter>Source Files</Filter>
    </ClCompile>
    <ClCompile Include="logindialog.cpp">
      <Filter>Source Files</Filter>
    </ClCompile>
    <ClCompile Include="GeneratedFiles\Debug\moc_logindialog.cpp">
      <Filter>Generated Files\Debug</Filter>
    </ClCompile>
    <ClCompile Include="GeneratedFiles\Release\moc_logindialog.cpp">
      <Filter>Generated Files\Release</Filter>
    </ClCompile>
  </ItemGroup>
  <ItemGroup>
    <CustomBuild Include="qt_femas.h">
      <Filter>Header Files</Filter>
    </CustomBuild>
    <CustomBuild Include="qt_femas.ui">
      <Filter>Form Files</Filter>
    </CustomBuild>
    <CustomBuild Include="qt_femas.qrc">
      <Filter>Resource Files</Filter>
    </CustomBuild>
    <CustomBuild Include="LoginDialog.ui">
      <Filter>Form Files</Filter>
    </CustomBuild>
    <CustomBuild Include="logindialog.h">
      <Filter>Header Files</Filter>
    </CustomBuild>
  </ItemGroup>
  <ItemGroup>
    <ClInclude Include="GeneratedFiles\ui_qt_femas.h">
      <Filter>Generated Files</Filter>
    </ClInclude>
    <ClInclude Include="PublicFuncs.h">
      <Filter>Header Files</Filter>
    </ClInclude>
    <ClInclude Include="resource.h">
      <Filter>Header Files</Filter>
    </ClInclude>
    <ClInclude Include="FemasAPI\USTPFtdcMduserApi.h">
      <Filter>Header Files</Filter>
    </ClInclude>
    <ClInclude Include="FemasAPI\USTPFtdcTraderApi.h">
      <Filter>Header Files</Filter>
    </ClInclude>
    <ClInclude Include="FemasAPI\USTPFtdcUserApiDataType.h">
      <Filter>Header Files</Filter>
    </ClInclude>
    <ClInclude Include="FemasAPI\USTPFtdcUserApiStruct.h">
      <Filter>Header Files</Filter>
    </ClInclude>
    <ClInclude Include="MarketData\FemasMarketData.h">
      <Filter>Header Files</Filter>
    </ClInclude>
    <ClInclude Include="SystemCore\Global.h">
      <Filter>Header Files</Filter>
    </ClInclude>
    <ClInclude Include="SystemCore\LocalMemory.h">
      <Filter>Header Files</Filter>
    </ClInclude>
    <ClInclude Include="MySpi\femasMdSpi.h">
      <Filter>Header Files</Filter>
    </ClInclude>
    <ClInclude Include="Strategy\Strategy.h">
      <Filter>Header Files</Filter>
    </ClInclude>
    <ClInclude Include="SystemCore\OrderManageSys.h">
      <Filter>Header Files</Filter>
    </ClInclude>
    <ClInclude Include="MySpi\femasTraderSpi.h">
      <Filter>Header Files</Filter>
    </ClInclude>
    <ClInclude Include="Strategy\StrategyTask.h">
      <Filter>Header Files</Filter>
    </ClInclude>
    <ClInclude Include="GeneratedFiles\ui_LoginDialog.h">
      <Filter>Generated Files</Filter>
    </ClInclude>
  </ItemGroup>
  <ItemGroup>
    <Library Include="USTPmduserapi.lib" />
    <Library Include="USTPtraderapi.lib" />
  </ItemGroup>
  <ItemGroup>
    <None Include="USTPmduserapi.dll" />
    <None Include="USTPtraderapi.dll" />
  </ItemGroup>
</Project>